
Microsoft Visual Studio Solution File, Format Version 12.00
# Visual Studio Version 16
VisualStudioVersion = 16.0.30717.126
MinimumVisualStudioVersion = 10.0.40219.1
Project("{FAE04EC0-301F-11D3-BF4B-00C04F79EFBC}") = "CountTrackulaClient", "CountTrackulaClient\CountTrackulaClient.csproj", "{432B169D-18B2-4528-9B2C-12A2F1893601}"
EndProject
Global
	GlobalSection(SolutionConfigurationPlatforms) = preSolution
		Debug|Any CPU = Debug|Any CPU
		Release|Any CPU = Release|Any CPU
	EndGlobalSection
	GlobalSection(ProjectConfigurationPlatforms) = postSolution
		{432B169D-18B2-4528-9B2C-12A2F1893601}.Debug|Any CPU.ActiveCfg = Debug|Any CPU
		{432B169D-18B2-4528-9B2C-12A2F1893601}.Debug|Any CPU.Build.0 = Debug|Any CPU
		{432B169D-18B2-4528-9B2C-12A2F1893601}.Release|Any CPU.ActiveCfg = Release|Any CPU
		{432B169D-18B2-4528-9B2C-12A2F1893601}.Release|Any CPU.Build.0 = Release|Any CPU
	EndGlobalSection
	GlobalSection(SolutionProperties) = preSolution
		HideSolutionNode = FALSE
	EndGlobalSection
	GlobalSection(ExtensibilityGlobals) = postSolution
		SolutionGuid = {F5457F76-FBE8-4360-811E-597770C7D203}
	EndGlobalSection
EndGlobal
